
Microsoft Visual Studio Solution File, Format Version 12.00
# Visual Studio Version 16
VisualStudioVersion = 16.0.29920.165
MinimumVisualStudioVersion = 10.0.40219.1
Project("{FAE04EC0-301F-11D3-BF4B-00C04F79EFBC}") = "RobotsVersusDinosaurs", "RobotsVersusDinosaurs\RobotsVersusDinosaurs.csproj", "{091BE43F-2FCE-4807-806B-D57EC5CD7088}"
EndProject
Global
	GlobalSection(SolutionConfigurationPlatforms) = preSolution
		Debug|Any CPU = Debug|Any CPU
		Release|Any CPU = Release|Any CPU
	EndGlobalSection
	GlobalSection(ProjectConfigurationPlatforms) = postSolution
		{091BE43F-2FCE-4807-806B-D57EC5CD7088}.Debug|Any CPU.ActiveCfg = Debug|Any CPU
		{091BE43F-2FCE-4807-806B-D57EC5CD7088}.Debug|Any CPU.Build.0 = Debug|Any CPU
		{091BE43F-2FCE-4807-806B-D57EC5CD7088}.Release|Any CPU.ActiveCfg = Release|Any CPU
		{091BE43F-2FCE-4807-806B-D57EC5CD7088}.Release|Any CPU.Build.0 = Release|Any CPU
	EndGlobalSection
	GlobalSection(SolutionProperties) = preSolution
		HideSolutionNode = FALSE
	EndGlobalSection
	GlobalSection(ExtensibilityGlobals) = postSolution
		SolutionGuid = {4AE44D57-5A9E-4260-ABAE-5D17F439D272}
	EndGlobalSection
EndGlobal
